
Microsoft Visual Studio Solution File, Format Version 12.00
# Visual Studio Version 16
VisualStudioVersion = 16.0.30523.141
MinimumVisualStudioVersion = 10.0.40219.1
Project("{FAE04EC0-301F-11D3-BF4B-00C04F79EFBC}") = "StopWatch", "StopWatch\StopWatch.csproj", "{43C2603A-4358-4926-AA96-5F51C77DC1C7}"
EndProject
Global
	GlobalSection(SolutionConfigurationPlatforms) = preSolution
		Debug|Any CPU = Debug|Any CPU
		Release|Any CPU = Release|Any CPU
	EndGlobalSection
	GlobalSection(ProjectConfigurationPlatforms) = postSolution
		{43C2603A-4358-4926-AA96-5F51C77DC1C7}.Debug|Any CPU.ActiveCfg = Debug|Any CPU
		{43C2603A-4358-4926-AA96-5F51C77DC1C7}.Debug|Any CPU.Build.0 = Debug|Any CPU
		{43C2603A-4358-4926-AA96-5F51C77DC1C7}.Release|Any CPU.ActiveCfg = Release|Any CPU
		{43C2603A-4358-4926-AA96-5F51C77DC1C7}.Release|Any CPU.Build.0 = Release|Any CPU
	EndGlobalSection
	GlobalSection(SolutionProperties) = preSolution
		HideSolutionNode = FALSE
	EndGlobalSection
	GlobalSection(ExtensibilityGlobals) = postSolution
		SolutionGuid = {57203844-454B-4DAA-8132-A2F30AF16343}
	EndGlobalSection
EndGlobal
